// !$*UTF8*$!
{
	archiveVersion = 1;
	classes = {
	};
	objectVersion = 46;
	objects = {

/* Begin PBXBuildFile section */
		6F0216CB1D50F647005B22ED /* AppDelegate.swift in Sources */ = {isa = PBXBuildFile; fileRef = 6F0216CA1D50F647005B22ED /* AppDelegate.swift */; };
		6F0216CD1D50F647005B22ED /* ViewController.swift in Sources */ = {isa = PBXBuildFile; fileRef = 6F0216CC1D50F647005B22ED /* ViewController.swift */; };
		6F0216D21D50F647005B22ED /* Assets.xcassets in Resources */ = {isa = PBXBuildFile; fileRef = 6F0216D11D50F647005B22ED /* Assets.xcassets */; };
		6F0216E41D50F72B005B22ED /* AAPLCameraViewController.m in Sources */ = {isa = PBXBuildFile; fileRef = 6F0216E21D50F72B005B22ED /* AAPLCameraViewController.m */; };
		6F0216E51D50F72B005B22ED /* CameraVC.swift in Sources */ = {isa = PBXBuildFile; fileRef = 6F0216E31D50F72B005B22ED /* CameraVC.swift */; };
		6F0216EA1D50F7B5005B22ED /* AAPLPreviewView.m in Sources */ = {isa = PBXBuildFile; fileRef = 6F0216E91D50F7B5005B22ED /* AAPLPreviewView.m */; };
		6F26C93F1D519C3C00BD21DA /* LoginVC.swift in Sources */ = {isa = PBXBuildFile; fileRef = 6F26C93E1D519C3C00BD21DA /* LoginVC.swift */; };
		6F26C9421D51B2B100BD21DA /* AuthService.swift in Sources */ = {isa = PBXBuildFile; fileRef = 6F26C9411D51B2B100BD21DA /* AuthService.swift */; };
		6F26C9441D51E2AF00BD21DA /* DataService.swift in Sources */ = {isa = PBXBuildFile; fileRef = 6F26C9431D51E2AF00BD21DA /* DataService.swift */; };
		6F26C9461D51E78400BD21DA /* UsersVC.swift in Sources */ = {isa = PBXBuildFile; fileRef = 6F26C9451D51E78400BD21DA /* UsersVC.swift */; };
		6F26C9481D51E8F800BD21DA /* UserCell.swift in Sources */ = {isa = PBXBuildFile; fileRef = 6F26C9471D51E8F800BD21DA /* UserCell.swift */; };
		6F26C94A1D51ED3A00BD21DA /* User.swift in Sources */ = {isa = PBXBuildFile; fileRef = 6F26C9491D51ED3A00BD21DA /* User.swift */; };
		6F535E6F1D50FBC9004021A7 /* Main.storyboard in Resources */ = {isa = PBXBuildFile; fileRef = 6F535E6E1D50FBC9004021A7 /* Main.storyboard */; };
		6F535E711D50FC59004021A7 /* Launch Screen.storyboard in Resources */ = {isa = PBXBuildFile; fileRef = 6F535E701D50FC59004021A7 /* Launch Screen.storyboard */; };
		6F535E731D5101D0004021A7 /* GoogleService-Info.plist in Resources */ = {isa = PBXBuildFile; fileRef = 6F535E721D5101D0004021A7 /* GoogleService-Info.plist */; };
		6F9150831D518E0800FD109C /* RoundTextField.swift in Sources */ = {isa = PBXBuildFile; fileRef = 6F9150821D518E0800FD109C /* RoundTextField.swift */; };
		6F9150851D51977500FD109C /* RoundButton.swift in Sources */ = {isa = PBXBuildFile; fileRef = 6F9150841D51977500FD109C /* RoundButton.swift */; };
		724A5B33B5D668D0B3013011 /* Pods_VidTalk.framework in Frameworks */ = {isa = PBXBuildFile; fileRef = 37679812D6581125A618C07A /* Pods_VidTalk.framework */; };
/* End PBXBuildFile section */

/* Begin PBXFileReference section */
		37679812D6581125A618C07A /* Pods_VidTalk.framework */ = {isa = PBXFileReference; explicitFileType = wrapper.framework; includeInIndex = 0; path = Pods_VidTalk.framework; sourceTree = BUILT_PRODUCTS_DIR; };
		6F0216C71D50F647005B22ED /* VidTalk.app */ = {isa = PBXFileReference; explicitFileType = wrapper.application; includeInIndex = 0; path = VidTalk.app; sourceTree = BUILT_PRODUCTS_DIR; };
		6F0216CA1D50F647005B22ED /* AppDelegate.swift */ = {isa = PBXFileReference; lastKnownFileType = sourcecode.swift; path = AppDelegate.swift; sourceTree = "<group>"; };
		6F0216CC1D50F647005B22ED /* ViewController.swift */ = {isa = PBXFileReference; lastKnownFileType = sourcecode.swift; path = ViewController.swift; sourceTree = "<group>"; };
		6F0216D11D50F647005B22ED /* Assets.xcassets */ = {isa = PBXFileReference; lastKnownFileType = folder.assetcatalog; path = Assets.xcassets; sourceTree = "<group>"; };
		6F0216D61D50F647005B22ED /* Info.plist */ = {isa = PBXFileReference; lastKnownFileType = text.plist.xml; path = Info.plist; sourceTree = "<group>"; };
		6F0216DC1D50F6DB005B22ED /* VidTalk-Bridging-Header.h */ = {isa = PBXFileReference; fileEncoding = 4; lastKnownFileType = sourcecode.c.h; path = "VidTalk-Bridging-Header.h"; sourceTree = "<group>"; };
		6F0216DE1D50F706005B22ED /* AAPLCameraVCDelegate.h */ = {isa = PBXFileReference; fileEncoding = 4; lastKnownFileType = sourcecode.c.h; path = AAPLCameraVCDelegate.h; sourceTree = "<group>"; };
		6F0216E11D50F72B005B22ED /* AAPLCameraViewController.h */ = {isa = PBXFileReference; fileEncoding = 4; lastKnownFileType = sourcecode.c.h; path = AAPLCameraViewController.h; sourceTree = "<group>"; };
		6F0216E21D50F72B005B22ED /* AAPLCameraViewController.m */ = {isa = PBXFileReference; fileEncoding = 4; lastKnownFileType = sourcecode.c.objc; path = AAPLCameraViewController.m; sourceTree = "<group>"; };
		6F0216E31D50F72B005B22ED /* CameraVC.swift */ = {isa = PBXFileReference; fileEncoding = 4; lastKnownFileType = sourcecode.swift; path = CameraVC.swift; sourceTree = "<group>"; };
		6F0216E81D50F7B5005B22ED /* AAPLPreviewView.h */ = {isa = PBXFileReference; fileEncoding = 4; lastKnownFileType = sourcecode.c.h; path = AAPLPreviewView.h; sourceTree = "<group>"; };
		6F0216E91D50F7B5005B22ED /* AAPLPreviewView.m */ = {isa = PBXFileReference; fileEncoding = 4; lastKnownFileType = sourcecode.c.objc; path = AAPLPreviewView.m; sourceTree = "<group>"; };
		6F26C93E1D519C3C00BD21DA /* LoginVC.swift */ = {isa = PBXFileReference; fileEncoding = 4; lastKnownFileType = sourcecode.swift; path = LoginVC.swift; sourceTree = "<group>"; };
		6F26C9411D51B2B100BD21DA /* AuthService.swift */ = {isa = PBXFileReference; fileEncoding = 4; lastKnownFileType = sourcecode.swift; path = AuthService.swift; sourceTree = "<group>"; };
		6F26C9431D51E2AF00BD21DA /* DataService.swift */ = {isa = PBXFileReference; fileEncoding = 4; lastKnownFileType = sourcecode.swift; path = DataService.swift; sourceTree = "<group>"; };
		6F26C9451D51E78400BD21DA /* UsersVC.swift */ = {isa = PBXFileReference; fileEncoding = 4; lastKnownFileType = sourcecode.swift; path = UsersVC.swift; sourceTree = "<group>"; };
		6F26C9471D51E8F800BD21DA /* UserCell.swift */ = {isa = PBXFileReference; fileEncoding = 4; lastKnownFileType = sourcecode.swift; path = UserCell.swift; sourceTree = "<group>"; };
		6F26C9491D51ED3A00BD21DA /* User.swift */ = {isa = PBXFileReference; fileEncoding = 4; lastKnownFileType = sourcecode.swift; path = User.swift; sourceTree = "<group>"; };
		6F535E6E1D50FBC9004021A7 /* Main.storyboard */ = {isa = PBXFileReference; fileEncoding = 4; lastKnownFileType = file.storyboard; name = Main.storyboard; path = ../Main.storyboard; sourceTree = "<group>"; };
		6F535E701D50FC59004021A7 /* Launch Screen.storyboard */ = {isa = PBXFileReference; fileEncoding = 4; lastKnownFileType = file.storyboard; name = "Launch Screen.storyboard"; path = "../Launch Screen.storyboard"; sourceTree = "<group>"; };
		6F535E721D5101D0004021A7 /* GoogleService-Info.plist */ = {isa = PBXFileReference; fileEncoding = 4; lastKnownFileType = text.plist.xml; path = "GoogleService-Info.plist"; sourceTree = "<group>"; };
		6F9150821D518E0800FD109C /* RoundTextField.swift */ = {isa = PBXFileReference; fileEncoding = 4; lastKnownFileType = sourcecode.swift; path = RoundTextField.swift; sourceTree = "<group>"; };
		6F9150841D51977500FD109C /* RoundButton.swift */ = {isa = PBXFileReference; fileEncoding = 4; lastKnownFileType = sourcecode.swift; path = RoundButton.swift; sourceTree = "<group>"; };
		E2470EED80BD8228EB18E934 /* Pods-VidTalk.debug.xcconfig */ = {isa = PBXFileReference; includeInIndex = 1; lastKnownFileType = text.xcconfig; name = "Pods-VidTalk.debug.xcconfig"; path = "Pods/Target Support Files/Pods-VidTalk/Pods-VidTalk.debug.xcconfig"; sourceTree = "<group>"; };
		F22D0AE18FDD075F1DF40917 /* Pods-VidTalk.release.xcconfig */ = {isa = PBXFileReference; includeInIndex = 1; lastKnownFileType = text.xcconfig; name = "Pods-VidTalk.release.xcconfig"; path = "Pods/Target Support Files/Pods-VidTalk/Pods-VidTalk.release.xcconfig"; sourceTree = "<group>"; };
/* End PBXFileReference section */

/* Begin PBXFrameworksBuildPhase section */
		6F0216C41D50F647005B22ED /* Frameworks */ = {
			isa = PBXFrameworksBuildPhase;
			buildActionMask = 2147483647;
			files = (
				724A5B33B5D668D0B3013011 /* Pods_VidTalk.framework in Frameworks */,
			);
			runOnlyForDeploymentPostprocessing = 0;
		};
/* End PBXFrameworksBuildPhase section */

/* Begin PBXGroup section */
		2EAC64EBC2DD0BD1790134DE /* Frameworks */ = {
			isa = PBXGroup;
			children = (
				37679812D6581125A618C07A /* Pods_VidTalk.framework */,
			);
			name = Frameworks;
			sourceTree = "<group>";
		};
		5812EDB67F42209EC3431431 /* Pods */ = {
			isa = PBXGroup;
			children = (
				E2470EED80BD8228EB18E934 /* Pods-VidTalk.debug.xcconfig */,
				F22D0AE18FDD075F1DF40917 /* Pods-VidTalk.release.xcconfig */,
			);
			name = Pods;
			sourceTree = "<group>";
		};
		6F0216BE1D50F647005B22ED = {
			isa = PBXGroup;
			children = (
				6F0216C91D50F647005B22ED /* VidTalk */,
				6F0216C81D50F647005B22ED /* Products */,
				5812EDB67F42209EC3431431 /* Pods */,
				2EAC64EBC2DD0BD1790134DE /* Frameworks */,
			);
			sourceTree = "<group>";
		};
		6F0216C81D50F647005B22ED /* Products */ = {
			isa = PBXGroup;
			children = (
				6F0216C71D50F647005B22ED /* VidTalk.app */,
			);
			name = Products;
			sourceTree = "<group>";
		};
		6F0216C91D50F647005B22ED /* VidTalk */ = {
			isa = PBXGroup;
			children = (
				6F26C9491D51ED3A00BD21DA /* User.swift */,
				6F26C9401D51B29F00BD21DA /* Services */,
				6F0216E71D50F7AB005B22ED /* View */,
				6F0216DF1D50F718005B22ED /* Controller */,
				6F0216DD1D50F6F4005B22ED /* Protocols */,
				6F0216DC1D50F6DB005B22ED /* VidTalk-Bridging-Header.h */,
				6F0216CA1D50F647005B22ED /* AppDelegate.swift */,
				6F0216CC1D50F647005B22ED /* ViewController.swift */,
				6F535E6E1D50FBC9004021A7 /* Main.storyboard */,
				6F0216D11D50F647005B22ED /* Assets.xcassets */,
				6F0216D61D50F647005B22ED /* Info.plist */,
				6F535E701D50FC59004021A7 /* Launch Screen.storyboard */,
				6F535E721D5101D0004021A7 /* GoogleService-Info.plist */,
			);
			path = VidTalk;
			sourceTree = "<group>";
		};
		6F0216DD1D50F6F4005B22ED /* Protocols */ = {
			isa = PBXGroup;
			children = (
				6F0216DE1D50F706005B22ED /* AAPLCameraVCDelegate.h */,
			);
			name = Protocols;
			sourceTree = "<group>";
		};
		6F0216DF1D50F718005B22ED /* Controller */ = {
			isa = PBXGroup;
			children = (
				6F0216E11D50F72B005B22ED /* AAPLCameraViewController.h */,
				6F0216E21D50F72B005B22ED /* AAPLCameraViewController.m */,
				6F0216E31D50F72B005B22ED /* CameraVC.swift */,
				6F26C93E1D519C3C00BD21DA /* LoginVC.swift */,
				6F26C9451D51E78400BD21DA /* UsersVC.swift */,
			);
			name = Controller;
			sourceTree = "<group>";
		};
		6F0216E71D50F7AB005B22ED /* View */ = {
			isa = PBXGroup;
			children = (
				6F0216E81D50F7B5005B22ED /* AAPLPreviewView.h */,
				6F0216E91D50F7B5005B22ED /* AAPLPreviewView.m */,
				6F9150821D518E0800FD109C /* RoundTextField.swift */,
				6F9150841D51977500FD109C /* RoundButton.swift */,
				6F26C9471D51E8F800BD21DA /* UserCell.swift */,
			);
			name = View;
			sourceTree = "<group>";
		};
		6F26C9401D51B29F00BD21DA /* Services */ = {
			isa = PBXGroup;
			children = (
				6F26C9411D51B2B100BD21DA /* AuthService.swift */,
				6F26C9431D51E2AF00BD21DA /* DataService.swift */,
			);
			name = Services;
			sourceTree = "<group>";
		};
/* End PBXGroup section */

/* Begin PBXNativeTarget section */
		6F0216C61D50F647005B22ED /* VidTalk */ = {
			isa = PBXNativeTarget;
			buildConfigurationList = 6F0216D91D50F647005B22ED /* Build configuration list for PBXNativeTarget "VidTalk" */;
			buildPhases = (
				45A7A762AA4129CB369C4BFB /* [CP] Check Pods Manifest.lock */,
				6F0216C31D50F647005B22ED /* Sources */,
				6F0216C41D50F647005B22ED /* Frameworks */,
				6F0216C51D50F647005B22ED /* Resources */,
				DB959FB4ADE072E05A70F170 /* [CP] Embed Pods Frameworks */,
				3C41D9E1043F159582A53DBB /* [CP] Copy Pods Resources */,
			);
			buildRules = (
			);
			dependencies = (
			);
			name = VidTalk;
			productName = VidTalk;
			productReference = 6F0216C71D50F647005B22ED /* VidTalk.app */;
			productType = "com.apple.product-type.application";
		};
/* End PBXNativeTarget section */

/* Begin PBXProject section */
		6F0216BF1D50F647005B22ED /* Project object */ = {
			isa = PBXProject;
			attributes = {
				LastSwiftUpdateCheck = 0800;
				LastUpgradeCheck = 0800;
				ORGANIZATIONNAME = "Andrew Ng";
				TargetAttributes = {
					6F0216C61D50F647005B22ED = {
						CreatedOnToolsVersion = 8.0;
						DevelopmentTeam = 7FUMWZ2NUV;
						DevelopmentTeamName = "Andrew Ng";
						LastSwiftMigration = 0800;
						ProvisioningStyle = Automatic;
					};
				};
			};
			buildConfigurationList = 6F0216C21D50F647005B22ED /* Build configuration list for PBXProject "VidTalk" */;
			compatibilityVersion = "Xcode 3.2";
			developmentRegion = English;
			hasScannedForEncodings = 0;
			knownRegions = (
				en,
				Base,
			);
			mainGroup = 6F0216BE1D50F647005B22ED;
			productRefGroup = 6F0216C81D50F647005B22ED /* Products */;
			projectDirPath = "";
			projectRoot = "";
			targets = (
				6F0216C61D50F647005B22ED /* VidTalk */,
			);
		};
/* End PBXProject section */

/* Begin PBXResourcesBuildPhase section */
		6F0216C51D50F647005B22ED /* Resources */ = {
			isa = PBXResourcesBuildPhase;
			buildActionMask = 2147483647;
			files = (
				6F535E711D50FC59004021A7 /* Launch Screen.storyboard in Resources */,
				6F535E731D5101D0004021A7 /* GoogleService-Info.plist in Resources */,
				6F0216D21D50F647005B22ED /* Assets.xcassets in Resources */,
				6F535E6F1D50FBC9004021A7 /* Main.storyboard in Resources */,
			);
			runOnlyForDeploymentPostprocessing = 0;
		};
/* End PBXResourcesBuildPhase section */

/* Begin PBXShellScriptBuildPhase section */
		3C41D9E1043F159582A53DBB /* [CP] Copy Pods Resources */ = {
			isa = PBXShellScriptBuildPhase;
			buildActionMask = 2147483647;
			files = (
			);
			inputPaths = (
			);
			name = "[CP] Copy Pods Resources";
			outputPaths = (
			);
			runOnlyForDeploymentPostprocessing = 0;
			shellPath = /bin/sh;
			shellScript = "\"${SRCROOT}/Pods/Target Support Files/Pods-VidTalk/Pods-VidTalk-resources.sh\"\n";
			showEnvVarsInLog = 0;
		};
		45A7A762AA4129CB369C4BFB /* [CP] Check Pods Manifest.lock */ = {
			isa = PBXShellScriptBuildPhase;
			buildActionMask = 2147483647;
			files = (
			);
			inputPaths = (
			);
			name = "[CP] Check Pods Manifest.lock";
			outputPaths = (
			);
			runOnlyForDeploymentPostprocessing = 0;
			shellPath = /bin/sh;
			shellScript = "diff \"${PODS_ROOT}/../Podfile.lock\" \"${PODS_ROOT}/Manifest.lock\" > /dev/null\nif [[ $? != 0 ]] ; then\n    cat << EOM\nerror: The sandbox is not in sync with the Podfile.lock. Run 'pod install' or update your CocoaPods installation.\nEOM\n    exit 1\nfi\n";
			showEnvVarsInLog = 0;
		};
		DB959FB4ADE072E05A70F170 /* [CP] Embed Pods Frameworks */ = {
			isa = PBXShellScriptBuildPhase;
			buildActionMask = 2147483647;
			files = (
			);
			inputPaths = (
			);
			name = "[CP] Embed Pods Frameworks";
			outputPaths = (
			);
			runOnlyForDeploymentPostprocessing = 0;
			shellPath = /bin/sh;
			shellScript = "\"${SRCROOT}/Pods/Target Support Files/Pods-VidTalk/Pods-VidTalk-frameworks.sh\"\n";
			showEnvVarsInLog = 0;
		};
/* End PBXShellScriptBuildPhase section */

/* Begin PBXSourcesBuildPhase section */
		6F0216C31D50F647005B22ED /* Sources */ = {
			isa = PBXSourcesBuildPhase;
			buildActionMask = 2147483647;
			files = (
				6F26C94A1D51ED3A00BD21DA /* User.swift in Sources */,
				6F0216CD1D50F647005B22ED /* ViewController.swift in Sources */,
				6F0216CB1D50F647005B22ED /* AppDelegate.swift in Sources */,
				6F26C93F1D519C3C00BD21DA /* LoginVC.swift in Sources */,
				6F26C9421D51B2B100BD21DA /* AuthService.swift in Sources */,
				6F9150851D51977500FD109C /* RoundButton.swift in Sources */,
				6F0216EA1D50F7B5005B22ED /* AAPLPreviewView.m in Sources */,
				6F0216E41D50F72B005B22ED /* AAPLCameraViewController.m in Sources */,
				6F9150831D518E0800FD109C /* RoundTextField.swift in Sources */,
				6F26C9481D51E8F800BD21DA /* UserCell.swift in Sources */,
				6F26C9461D51E78400BD21DA /* UsersVC.swift in Sources */,
				6F0216E51D50F72B005B22ED /* CameraVC.swift in Sources */,
				6F26C9441D51E2AF00BD21DA /* DataService.swift in Sources */,
			);
			runOnlyForDeploymentPostprocessing = 0;
		};
/* End PBXSourcesBuildPhase section */

/* Begin XCBuildConfiguration section */
		6F0216D71D50F647005B22ED /* Debug */ = {
			isa = XCBuildConfiguration;
			buildSettings = {
				ALWAYS_SEARCH_USER_PATHS = NO;
				CLANG_ANALYZER_NONNULL = YES;
				CLANG_CXX_LANGUAGE_STANDARD = "gnu++0x";
				CLANG_CXX_LIBRARY = "libc++";
				CLANG_ENABLE_MODULES = YES;
				CLANG_ENABLE_OBJC_ARC = YES;
				CLANG_WARN_BOOL_CONVERSION = YES;
				CLANG_WARN_CONSTANT_CONVERSION = YES;
				CLANG_WARN_DIRECT_OBJC_ISA_USAGE = YES_ERROR;
				CLANG_WARN_DOCUMENTATION_COMMENTS = YES;
				CLANG_WARN_EMPTY_BODY = YES;
				CLANG_WARN_ENUM_CONVERSION = YES;
				CLANG_WARN_INT_CONVERSION = YES;
				CLANG_WARN_OBJC_ROOT_CLASS = YES_ERROR;
				CLANG_WARN_UNREACHABLE_CODE = YES;
				CLANG_WARN__DUPLICATE_METHOD_MATCH = YES;
				"CODE_SIGN_IDENTITY[sdk=iphoneos*]" = "iPhone Developer";
				COPY_PHASE_STRIP = NO;
				DEBUG_INFORMATION_FORMAT = dwarf;
				ENABLE_STRICT_OBJC_MSGSEND = YES;
				ENABLE_TESTABILITY = YES;
				GCC_C_LANGUAGE_STANDARD = gnu99;
				GCC_DYNAMIC_NO_PIC = NO;
				GCC_NO_COMMON_BLOCKS = YES;
				GCC_OPTIMIZATION_LEVEL = 0;
				GCC_PREPROCESSOR_DEFINITIONS = (
					"DEBUG=1",
					"$(inherited)",
				);
				GCC_WARN_64_TO_32_BIT_CONVERSION = YES;
				GCC_WARN_ABOUT_RETURN_TYPE = YES_ERROR;
				GCC_WARN_UNDECLARED_SELECTOR = YES;
				GCC_WARN_UNINITIALIZED_AUTOS = YES_AGGRESSIVE;
				GCC_WARN_UNUSED_FUNCTION = YES;
				GCC_WARN_UNUSED_VARIABLE = YES;
				IPHONEOS_DEPLOYMENT_TARGET = 9.0;
				MTL_ENABLE_DEBUG_INFO = YES;
				ONLY_ACTIVE_ARCH = YES;
				SDKROOT = iphoneos;
				SWIFT_ACTIVE_COMPILATION_CONDITIONS = DEBUG;
				SWIFT_OPTIMIZATION_LEVEL = "-Onone";
			};
			name = Debug;
		};
		6F0216D81D50F647005B22ED /* Release */ = {
			isa = XCBuildConfiguration;
			buildSettings = {
				ALWAYS_SEARCH_USER_PATHS = NO;
				CLANG_ANALYZER_NONNULL = YES;
				CLANG_CXX_LANGUAGE_STANDARD = "gnu++0x";
				CLANG_CXX_LIBRARY = "libc++";
				CLANG_ENABLE_MODULES = YES;
				CLANG_ENABLE_OBJC_ARC = YES;
				CLANG_WARN_BOOL_CONVERSION = YES;
				CLANG_WARN_CONSTANT_CONVERSION = YES;
				CLANG_WARN_DIRECT_OBJC_ISA_USAGE = YES_ERROR;
				CLANG_WARN_DOCUMENTATION_COMMENTS = YES;
				CLANG_WARN_EMPTY_BODY = YES;
				CLANG_WARN_ENUM_CONVERSION = YES;
				CLANG_WARN_INT_CONVERSION = YES;
				CLANG_WARN_OBJC_ROOT_CLASS = YES_ERROR;
				CLANG_WARN_UNREACHABLE_CODE = YES;
				CLANG_WARN__DUPLICATE_METHOD_MATCH = YES;
				"CODE_SIGN_IDENTITY[sdk=iphoneos*]" = "iPhone Developer";
				COPY_PHASE_STRIP = NO;
				DEBUG_INFORMATION_FORMAT = "dwarf-with-dsym";
				ENABLE_NS_ASSERTIONS = NO;
				ENABLE_STRICT_OBJC_MSGSEND = YES;
				GCC_C_LANGUAGE_STANDARD = gnu99;
				GCC_NO_COMMON_BLOCKS = YES;
				GCC_WARN_64_TO_32_BIT_CONVERSION = YES;
				GCC_WARN_ABOUT_RETURN_TYPE = YES_ERROR;
				GCC_WARN_UNDECLARED_SELECTOR = YES;
				GCC_WARN_UNINITIALIZED_AUTOS = YES_AGGRESSIVE;
				GCC_WARN_UNUSED_FUNCTION = YES;
				GCC_WARN_UNUSED_VARIABLE = YES;
				IPHONEOS_DEPLOYMENT_TARGET = 9.0;
				MTL_ENABLE_DEBUG_INFO = NO;
				SDKROOT = iphoneos;
				SWIFT_OPTIMIZATION_LEVEL = "-Owholemodule";
				VALIDATE_PRODUCT = YES;
			};
			name = Release;
		};
		6F0216DA1D50F647005B22ED /* Debug */ = {
			isa = XCBuildConfiguration;
			baseConfigurationReference = E2470EED80BD8228EB18E934 /* Pods-VidTalk.debug.xcconfig */;
			buildSettings = {
				ASSETCATALOG_COMPILER_APPICON_NAME = AppIcon;
				CLANG_ENABLE_MODULES = YES;
				INFOPLIST_FILE = VidTalk/Info.plist;
				IPHONEOS_DEPLOYMENT_TARGET = 9.0;
				LD_RUNPATH_SEARCH_PATHS = "$(inherited) @executable_path/Frameworks";
				PRODUCT_BUNDLE_IDENTIFIER = com.AndrewNg.VidTalk;
				PRODUCT_NAME = "$(TARGET_NAME)";
				SWIFT_OBJC_BRIDGING_HEADER = "VidTalk/VidTalk-Bridging-Header.h";
				SWIFT_OPTIMIZATION_LEVEL = "-Onone";
				SWIFT_VERSION = 3.0;
			};
			name = Debug;
		};
		6F0216DB1D50F647005B22ED /* Release */ = {
			isa = XCBuildConfiguration;
			baseConfigurationReference = F22D0AE18FDD075F1DF40917 /* Pods-VidTalk.release.xcconfig */;
			buildSettings = {
				ASSETCATALOG_COMPILER_APPICON_NAME = AppIcon;
				CLANG_ENABLE_MODULES = YES;
				INFOPLIST_FILE = VidTalk/Info.plist;
				IPHONEOS_DEPLOYMENT_TARGET = 9.0;
				LD_RUNPATH_SEARCH_PATHS = "$(inherited) @executable_path/Frameworks";
				PRODUCT_BUNDLE_IDENTIFIER = com.AndrewNg.VidTalk;
				PRODUCT_NAME = "$(TARGET_NAME)";
				SWIFT_OBJC_BRIDGING_HEADER = "VidTalk/VidTalk-Bridging-Header.h";
				SWIFT_VERSION = 3.0;
			};
			name = Release;
		};
/* End XCBuildConfiguration section */

/* Begin XCConfigurationList section */
		6F0216C21D50F647005B22ED /* Build configuration list for PBXProject "VidTalk" */ = {
			isa = XCConfigurationList;
			buildConfigurations = (
				6F0216D71D50F647005B22ED /* Debug */,
				6F0216D81D50F647005B22ED /* Release */,
			);
			defaultConfigurationIsVisible = 0;
			defaultConfigurationName = Release;
		};
		6F0216D91D50F647005B22ED /* Build configuration list for PBXNativeTarget "VidTalk" */ = {
			isa = XCConfigurationList;
			buildConfigurations = (
				6F0216DA1D50F647005B22ED /* Debug */,
				6F0216DB1D50F647005B22ED /* Release */,
			);
			defaultConfigurationIsVisible = 0;
			defaultConfigurationName = Release;
		};
/* End XCConfigurationList section */
	};
	rootObject = 6F0216BF1D50F647005B22ED /* Project object */;
}
